
Microsoft Visual Studio Solution File, Format Version 12.00
# Visual Studio Version 16
VisualStudioVersion = 16.0.30804.86
MinimumVisualStudioVersion = 10.0.40219.1
Project("{FAE04EC0-301F-11D3-BF4B-00C04F79EFBC}") = "ConsoleAppForum", "ConsoleAppForum\ConsoleAppForum.csproj", "{047DBBF1-322B-4EBA-BB63-DFD969EBF5AF}"
EndProject
Project("{FAE04EC0-301F-11D3-BF4B-00C04F79EFBC}") = "ForumsLibrary", "ForumsLibrary\ForumsLibrary.csproj", "{0AB1B2DF-4121-44E1-BAD2-5AC001AE2A75}"
EndProject
Global
	GlobalSection(SolutionConfigurationPlatforms) = preSolution
		Debug|Any CPU = Debug|Any CPU
		Release|Any CPU = Release|Any CPU
	EndGlobalSection
	GlobalSection(ProjectConfigurationPlatforms) = postSolution
		{047DBBF1-322B-4EBA-BB63-DFD969EBF5AF}.Debug|Any CPU.ActiveCfg = Debug|Any CPU
		{047DBBF1-322B-4EBA-BB63-DFD969EBF5AF}.Debug|Any CPU.Build.0 = Debug|Any CPU
		{047DBBF1-322B-4EBA-BB63-DFD969EBF5AF}.Release|Any CPU.ActiveCfg = Release|Any CPU
		{047DBBF1-322B-4EBA-BB63-DFD969EBF5AF}.Release|Any CPU.Build.0 = Release|Any CPU
		{0AB1B2DF-4121-44E1-BAD2-5AC001AE2A75}.Debug|Any CPU.ActiveCfg = Debug|Any CPU
		{0AB1B2DF-4121-44E1-BAD2-5AC001AE2A75}.Debug|Any CPU.Build.0 = Debug|Any CPU
		{0AB1B2DF-4121-44E1-BAD2-5AC001AE2A75}.Release|Any CPU.ActiveCfg = Release|Any CPU
		{0AB1B2DF-4121-44E1-BAD2-5AC001AE2A75}.Release|Any CPU.Build.0 = Release|Any CPU
	EndGlobalSection
	GlobalSection(SolutionProperties) = preSolution
		HideSolutionNode = FALSE
	EndGlobalSection
	GlobalSection(ExtensibilityGlobals) = postSolution
		SolutionGuid = {6FE9DA10-E154-4387-8E62-A68347341D9D}
	EndGlobalSection
EndGlobal
