
Microsoft Visual Studio Solution File, Format Version 12.00
# Visual Studio Version 16
VisualStudioVersion = 16.0.30804.86
MinimumVisualStudioVersion = 10.0.40219.1
Project("{FAE04EC0-301F-11D3-BF4B-00C04F79EFBC}") = "ForumLibrary", "ForumLibrary\ForumLibrary.csproj", "{9E21C96C-F405-445A-AF85-E8A3A10A0EFE}"
EndProject
Project("{FAE04EC0-301F-11D3-BF4B-00C04F79EFBC}") = "ConsoleApp", "ConsoleApp\ConsoleApp.csproj", "{D09B8EA2-AC77-4F0F-AE56-E123C54A8249}"
EndProject
Global
	GlobalSection(SolutionConfigurationPlatforms) = preSolution
		Debug|Any CPU = Debug|Any CPU
		Release|Any CPU = Release|Any CPU
	EndGlobalSection
	GlobalSection(ProjectConfigurationPlatforms) = postSolution
		{9E21C96C-F405-445A-AF85-E8A3A10A0EFE}.Debug|Any CPU.ActiveCfg = Debug|Any CPU
		{9E21C96C-F405-445A-AF85-E8A3A10A0EFE}.Debug|Any CPU.Build.0 = Debug|Any CPU
		{9E21C96C-F405-445A-AF85-E8A3A10A0EFE}.Release|Any CPU.ActiveCfg = Release|Any CPU
		{9E21C96C-F405-445A-AF85-E8A3A10A0EFE}.Release|Any CPU.Build.0 = Release|Any CPU
		{D09B8EA2-AC77-4F0F-AE56-E123C54A8249}.Debug|Any CPU.ActiveCfg = Debug|Any CPU
		{D09B8EA2-AC77-4F0F-AE56-E123C54A8249}.Debug|Any CPU.Build.0 = Debug|Any CPU
		{D09B8EA2-AC77-4F0F-AE56-E123C54A8249}.Release|Any CPU.ActiveCfg = Release|Any CPU
		{D09B8EA2-AC77-4F0F-AE56-E123C54A8249}.Release|Any CPU.Build.0 = Release|Any CPU
	EndGlobalSection
	GlobalSection(SolutionProperties) = preSolution
		HideSolutionNode = FALSE
	EndGlobalSection
	GlobalSection(ExtensibilityGlobals) = postSolution
		SolutionGuid = {93468CF5-BC66-434E-8EB8-271BF05FE36C}
	EndGlobalSection
EndGlobal
